// !$*UTF8*$!
{
	archiveVersion = 1;
	classes = {
	};
	objectVersion = 50;
	objects = {

/* Begin PBXBuildFile section */
		4DAC384323DA5B8300D8E68E /* AppDelegate.swift in Sources */ = {isa = PBXBuildFile; fileRef = 4DAC384223DA5B8300D8E68E /* AppDelegate.swift */; };
		4DAC384523DA5B8300D8E68E /* SceneDelegate.swift in Sources */ = {isa = PBXBuildFile; fileRef = 4DAC384423DA5B8300D8E68E /* SceneDelegate.swift */; };
		4DAC384723DA5B8300D8E68E /* ViewController.swift in Sources */ = {isa = PBXBuildFile; fileRef = 4DAC384623DA5B8300D8E68E /* ViewController.swift */; };
		4DAC384A23DA5B8300D8E68E /* Main.storyboard in Resources */ = {isa = PBXBuildFile; fileRef = 4DAC384823DA5B8300D8E68E /* Main.storyboard */; };
		4DAC384C23DA5B8500D8E68E /* Assets.xcassets in Resources */ = {isa = PBXBuildFile; fileRef = 4DAC384B23DA5B8500D8E68E /* Assets.xcassets */; };
		4DAC384F23DA5B8500D8E68E /* LaunchScreen.storyboard in Resources */ = {isa = PBXBuildFile; fileRef = 4DAC384D23DA5B8500D8E68E /* LaunchScreen.storyboard */; };
		4DAC385823DA635100D8E68E /* PhotoCollectionCell.swift in Sources */ = {isa = PBXBuildFile; fileRef = 4DAC385723DA635100D8E68E /* PhotoCollectionCell.swift */; };
		4DAC385B23DA637D00D8E68E /* Model.swift in Sources */ = {isa = PBXBuildFile; fileRef = 4DAC385A23DA637D00D8E68E /* Model.swift */; };
		4DAC385D23DA69BD00D8E68E /* UploadViewController.swift in Sources */ = {isa = PBXBuildFile; fileRef = 4DAC385C23DA69BD00D8E68E /* UploadViewController.swift */; };
/* End PBXBuildFile section */

/* Begin PBXFileReference section */
		4DAC383F23DA5B8300D8E68E /* PhotoJournal.app */ = {isa = PBXFileReference; explicitFileType = wrapper.application; includeInIndex = 0; path = PhotoJournal.app; sourceTree = BUILT_PRODUCTS_DIR; };
		4DAC384223DA5B8300D8E68E /* AppDelegate.swift */ = {isa = PBXFileReference; lastKnownFileType = sourcecode.swift; path = AppDelegate.swift; sourceTree = "<group>"; };
		4DAC384423DA5B8300D8E68E /* SceneDelegate.swift */ = {isa = PBXFileReference; lastKnownFileType = sourcecode.swift; path = SceneDelegate.swift; sourceTree = "<group>"; };
		4DAC384623DA5B8300D8E68E /* ViewController.swift */ = {isa = PBXFileReference; lastKnownFileType = sourcecode.swift; path = ViewController.swift; sourceTree = "<group>"; };
		4DAC384923DA5B8300D8E68E /* Base */ = {isa = PBXFileReference; lastKnownFileType = file.storyboard; name = Base; path = Base.lproj/Main.storyboard; sourceTree = "<group>"; };
		4DAC384B23DA5B8500D8E68E /* Assets.xcassets */ = {isa = PBXFileReference; lastKnownFileType = folder.assetcatalog; path = Assets.xcassets; sourceTree = "<group>"; };
		4DAC384E23DA5B8500D8E68E /* Base */ = {isa = PBXFileReference; lastKnownFileType = file.storyboard; name = Base; path = Base.lproj/LaunchScreen.storyboard; sourceTree = "<group>"; };
		4DAC385023DA5B8500D8E68E /* Info.plist */ = {isa = PBXFileReference; lastKnownFileType = text.plist.xml; path = Info.plist; sourceTree = "<group>"; };
		4DAC385723DA635100D8E68E /* PhotoCollectionCell.swift */ = {isa = PBXFileReference; lastKnownFileType = sourcecode.swift; path = PhotoCollectionCell.swift; sourceTree = "<group>"; };
		4DAC385A23DA637D00D8E68E /* Model.swift */ = {isa = PBXFileReference; lastKnownFileType = sourcecode.swift; path = Model.swift; sourceTree = "<group>"; };
		4DAC385C23DA69BD00D8E68E /* UploadViewController.swift */ = {isa = PBXFileReference; lastKnownFileType = sourcecode.swift; path = UploadViewController.swift; sourceTree = "<group>"; };
/* End PBXFileReference section */

/* Begin PBXFrameworksBuildPhase section */
		4DAC383C23DA5B8300D8E68E /* Frameworks */ = {
			isa = PBXFrameworksBuildPhase;
			buildActionMask = 2147483647;
			files = (
			);
			runOnlyForDeploymentPostprocessing = 0;
		};
/* End PBXFrameworksBuildPhase section */

/* Begin PBXGroup section */
		4DAC383623DA5B8300D8E68E = {
			isa = PBXGroup;
			children = (
				4DAC384123DA5B8300D8E68E /* PhotoJournal */,
				4DAC384023DA5B8300D8E68E /* Products */,
			);
			sourceTree = "<group>";
		};
		4DAC384023DA5B8300D8E68E /* Products */ = {
			isa = PBXGroup;
			children = (
				4DAC383F23DA5B8300D8E68E /* PhotoJournal.app */,
			);
			name = Products;
			sourceTree = "<group>";
		};
		4DAC384123DA5B8300D8E68E /* PhotoJournal */ = {
			isa = PBXGroup;
			children = (
				4DAC385923DA635E00D8E68E /* Model */,
				4DAC384223DA5B8300D8E68E /* AppDelegate.swift */,
				4DAC384423DA5B8300D8E68E /* SceneDelegate.swift */,
				4DAC385623DA618300D8E68E /* Controllers */,
				4DAC384B23DA5B8500D8E68E /* Assets.xcassets */,
				4DAC384D23DA5B8500D8E68E /* LaunchScreen.storyboard */,
				4DAC385023DA5B8500D8E68E /* Info.plist */,
			);
			path = PhotoJournal;
			sourceTree = "<group>";
		};
		4DAC385623DA618300D8E68E /* Controllers */ = {
			isa = PBXGroup;
			children = (
				4DAC384823DA5B8300D8E68E /* Main.storyboard */,
				4DAC385C23DA69BD00D8E68E /* UploadViewController.swift */,
				4DAC384623DA5B8300D8E68E /* ViewController.swift */,
			);
			path = Controllers;
			sourceTree = "<group>";
		};
		4DAC385923DA635E00D8E68E /* Model */ = {
			isa = PBXGroup;
			children = (
				4DAC385A23DA637D00D8E68E /* Model.swift */,
				4DAC385723DA635100D8E68E /* PhotoCollectionCell.swift */,
			);
			path = Model;
			sourceTree = "<group>";
		};
/* End PBXGroup section */

/* Begin PBXNativeTarget section */
		4DAC383E23DA5B8300D8E68E /* PhotoJournal */ = {
			isa = PBXNativeTarget;
			buildConfigurationList = 4DAC385323DA5B8500D8E68E /* Build configuration list for PBXNativeTarget "PhotoJournal" */;
			buildPhases = (
				4DAC383B23DA5B8300D8E68E /* Sources */,
				4DAC383C23DA5B8300D8E68E /* Frameworks */,
				4DAC383D23DA5B8300D8E68E /* Resources */,
			);
			buildRules = (
			);
			dependencies = (
			);
			name = PhotoJournal;
			productName = PhotoJournal;
			productReference = 4DAC383F23DA5B8300D8E68E /* PhotoJournal.app */;
			productType = "com.apple.product-type.application";
		};
/* End PBXNativeTarget section */

/* Begin PBXProject section */
		4DAC383723DA5B8300D8E68E /* Project object */ = {
			isa = PBXProject;
			attributes = {
				LastSwiftUpdateCheck = 1130;
				LastUpgradeCheck = 1130;
				ORGANIZATIONNAME = "Melinda Diaz";
				TargetAttributes = {
					4DAC383E23DA5B8300D8E68E = {
						CreatedOnToolsVersion = 11.3;
					};
				};
			};
			buildConfigurationList = 4DAC383A23DA5B8300D8E68E /* Build configuration list for PBXProject "PhotoJournal" */;
			compatibilityVersion = "Xcode 9.3";
			developmentRegion = en;
			hasScannedForEncodings = 0;
			knownRegions = (
				en,
				Base,
			);
			mainGroup = 4DAC383623DA5B8300D8E68E;
			productRefGroup = 4DAC384023DA5B8300D8E68E /* Products */;
			projectDirPath = "";
			projectRoot = "";
			targets = (
				4DAC383E23DA5B8300D8E68E /* PhotoJournal */,
			);
		};
/* End PBXProject section */

/* Begin PBXResourcesBuildPhase section */
		4DAC383D23DA5B8300D8E68E /* Resources */ = {
			isa = PBXResourcesBuildPhase;
			buildActionMask = 2147483647;
			files = (
				4DAC384F23DA5B8500D8E68E /* LaunchScreen.storyboard in Resources */,
				4DAC384C23DA5B8500D8E68E /* Assets.xcassets in Resources */,
				4DAC384A23DA5B8300D8E68E /* Main.storyboard in Resources */,
			);
			runOnlyForDeploymentPostprocessing = 0;
		};
/* End PBXResourcesBuildPhase section */

/* Begin PBXSourcesBuildPhase section */
		4DAC383B23DA5B8300D8E68E /* Sources */ = {
			isa = PBXSourcesBuildPhase;
			buildActionMask = 2147483647;
			files = (
				4DAC385B23DA637D00D8E68E /* Model.swift in Sources */,
				4DAC385D23DA69BD00D8E68E /* UploadViewController.swift in Sources */,
				4DAC384723DA5B8300D8E68E /* ViewController.swift in Sources */,
				4DAC384323DA5B8300D8E68E /* AppDelegate.swift in Sources */,
				4DAC385823DA635100D8E68E /* PhotoCollectionCell.swift in Sources */,
				4DAC384523DA5B8300D8E68E /* SceneDelegate.swift in Sources */,
			);
			runOnlyForDeploymentPostprocessing = 0;
		};
/* End PBXSourcesBuildPhase section */

/* Begin PBXVariantGroup section */
		4DAC384823DA5B8300D8E68E /* Main.storyboard */ = {
			isa = PBXVariantGroup;
			children = (
				4DAC384923DA5B8300D8E68E /* Base */,
			);
			name = Main.storyboard;
			sourceTree = "<group>";
		};
		4DAC384D23DA5B8500D8E68E /* LaunchScreen.storyboard */ = {
			isa = PBXVariantGroup;
			children = (
				4DAC384E23DA5B8500D8E68E /* Base */,
			);
			name = LaunchScreen.storyboard;
			sourceTree = "<group>";
		};
/* End PBXVariantGroup section */

/* Begin XCBuildConfiguration section */
		4DAC385123DA5B8500D8E68E /* Debug */ = {
			isa = XCBuildConfiguration;
			buildSettings = {
				ALWAYS_SEARCH_USER_PATHS = NO;
				CLANG_ANALYZER_NONNULL = YES;
				CLANG_ANALYZER_NUMBER_OBJECT_CONVERSION = YES_AGGRESSIVE;
				CLANG_CXX_LANGUAGE_STANDARD = "gnu++14";
				CLANG_CXX_LIBRARY = "libc++";
				CLANG_ENABLE_MODULES = YES;
				CLANG_ENABLE_OBJC_ARC = YES;
				CLANG_ENABLE_OBJC_WEAK = YES;
				CLANG_WARN_BLOCK_CAPTURE_AUTORELEASING = YES;
				CLANG_WARN_BOOL_CONVERSION = YES;
				CLANG_WARN_COMMA = YES;
				CLANG_WARN_CONSTANT_CONVERSION = YES;
				CLANG_WARN_DEPRECATED_OBJC_IMPLEMENTATIONS = YES;
				CLANG_WARN_DIRECT_OBJC_ISA_USAGE = YES_ERROR;
				CLANG_WARN_DOCUMENTATION_COMMENTS = YES;
				CLANG_WARN_EMPTY_BODY = YES;
				CLANG_WARN_ENUM_CONVERSION = YES;
				CLANG_WARN_INFINITE_RECURSION = YES;
				CLANG_WARN_INT_CONVERSION = YES;
				CLANG_WARN_NON_LITERAL_NULL_CONVERSION = YES;
				CLANG_WARN_OBJC_IMPLICIT_RETAIN_SELF = YES;
				CLANG_WARN_OBJC_LITERAL_CONVERSION = YES;
				CLANG_WARN_OBJC_ROOT_CLASS = YES_ERROR;
				CLANG_WARN_RANGE_LOOP_ANALYSIS = YES;
				CLANG_WARN_STRICT_PROTOTYPES = YES;
				CLANG_WARN_SUSPICIOUS_MOVE = YES;
				CLANG_WARN_UNGUARDED_AVAILABILITY = YES_AGGRESSIVE;
				CLANG_WARN_UNREACHABLE_CODE = YES;
				CLANG_WARN__DUPLICATE_METHOD_MATCH = YES;
				COPY_PHASE_STRIP = NO;
				DEBUG_INFORMATION_FORMAT = dwarf;
				ENABLE_STRICT_OBJC_MSGSEND = YES;
				ENABLE_TESTABILITY = YES;
				GCC_C_LANGUAGE_STANDARD = gnu11;
				GCC_DYNAMIC_NO_PIC = NO;
				GCC_NO_COMMON_BLOCKS = YES;
				GCC_OPTIMIZATION_LEVEL = 0;
				GCC_PREPROCESSOR_DEFINITIONS = (
					"DEBUG=1",
					"$(inherited)",
				);
				GCC_WARN_64_TO_32_BIT_CONVERSION = YES;
				GCC_WARN_ABOUT_RETURN_TYPE = YES_ERROR;
				GCC_WARN_UNDECLARED_SELECTOR = YES;
				GCC_WARN_UNINITIALIZED_AUTOS = YES_AGGRESSIVE;
				GCC_WARN_UNUSED_FUNCTION = YES;
				GCC_WARN_UNUSED_VARIABLE = YES;
				IPHONEOS_DEPLOYMENT_TARGET = 13.2;
				MTL_ENABLE_DEBUG_INFO = INCLUDE_SOURCE;
				MTL_FAST_MATH = YES;
				ONLY_ACTIVE_ARCH = YES;
				SDKROOT = iphoneos;
				SWIFT_ACTIVE_COMPILATION_CONDITIONS = DEBUG;
				SWIFT_OPTIMIZATION_LEVEL = "-Onone";
			};
			name = Debug;
		};
		4DAC385223DA5B8500D8E68E /* Release */ = {
			isa = XCBuildConfiguration;
			buildSettings = {
				ALWAYS_SEARCH_USER_PATHS = NO;
				CLANG_ANALYZER_NONNULL = YES;
				CLANG_ANALYZER_NUMBER_OBJECT_CONVERSION = YES_AGGRESSIVE;
				CLANG_CXX_LANGUAGE_STANDARD = "gnu++14";
				CLANG_CXX_LIBRARY = "libc++";
				CLANG_ENABLE_MODULES = YES;
				CLANG_ENABLE_OBJC_ARC = YES;
				CLANG_ENABLE_OBJC_WEAK = YES;
				CLANG_WARN_BLOCK_CAPTURE_AUTORELEASING = YES;
				CLANG_WARN_BOOL_CONVERSION = YES;
				CLANG_WARN_COMMA = YES;
				CLANG_WARN_CONSTANT_CONVERSION = YES;
				CLANG_WARN_DEPRECATED_OBJC_IMPLEMENTATIONS = YES;
				CLANG_WARN_DIRECT_OBJC_ISA_USAGE = YES_ERROR;
				CLANG_WARN_DOCUMENTATION_COMMENTS = YES;
				CLANG_WARN_EMPTY_BODY = YES;
				CLANG_WARN_ENUM_CONVERSION = YES;
				CLANG_WARN_INFINITE_RECURSION = YES;
				CLANG_WARN_INT_CONVERSION = YES;
				CLANG_WARN_NON_LITERAL_NULL_CONVERSION = YES;
				CLANG_WARN_OBJC_IMPLICIT_RETAIN_SELF = YES;
				CLANG_WARN_OBJC_LITERAL_CONVERSION = YES;
				CLANG_WARN_OBJC_ROOT_CLASS = YES_ERROR;
				CLANG_WARN_RANGE_LOOP_ANALYSIS = YES;
				CLANG_WARN_STRICT_PROTOTYPES = YES;
				CLANG_WARN_SUSPICIOUS_MOVE = YES;
				CLANG_WARN_UNGUARDED_AVAILABILITY = YES_AGGRESSIVE;
				CLANG_WARN_UNREACHABLE_CODE = YES;
				CLANG_WARN__DUPLICATE_METHOD_MATCH = YES;
				COPY_PHASE_STRIP = NO;
				DEBUG_INFORMATION_FORMAT = "dwarf-with-dsym";
				ENABLE_NS_ASSERTIONS = NO;
				ENABLE_STRICT_OBJC_MSGSEND = YES;
				GCC_C_LANGUAGE_STANDARD = gnu11;
				GCC_NO_COMMON_BLOCKS = YES;
				GCC_WARN_64_TO_32_BIT_CONVERSION = YES;
				GCC_WARN_ABOUT_RETURN_TYPE = YES_ERROR;
				GCC_WARN_UNDECLARED_SELECTOR = YES;
				GCC_WARN_UNINITIALIZED_AUTOS = YES_AGGRESSIVE;
				GCC_WARN_UNUSED_FUNCTION = YES;
				GCC_WARN_UNUSED_VARIABLE = YES;
				IPHONEOS_DEPLOYMENT_TARGET = 13.2;
				MTL_ENABLE_DEBUG_INFO = NO;
				MTL_FAST_MATH = YES;
				SDKROOT = iphoneos;
				SWIFT_COMPILATION_MODE = wholemodule;
				SWIFT_OPTIMIZATION_LEVEL = "-O";
				VALIDATE_PRODUCT = YES;
			};
			name = Release;
		};
		4DAC385423DA5B8500D8E68E /* Debug */ = {
			isa = XCBuildConfiguration;
			buildSettings = {
				ASSETCATALOG_COMPILER_APPICON_NAME = AppIcon;
				CODE_SIGN_STYLE = Automatic;
				DEVELOPMENT_TEAM = M4Q46HX6W5;
				INFOPLIST_FILE = PhotoJournal/Info.plist;
				LD_RUNPATH_SEARCH_PATHS = (
					"$(inherited)",
					"@executable_path/Frameworks",
				);
				PRODUCT_BUNDLE_IDENTIFIER = com.melinda.PhotoJournal;
				PRODUCT_NAME = "$(TARGET_NAME)";
				SWIFT_VERSION = 5.0;
				TARGETED_DEVICE_FAMILY = "1,2";
			};
			name = Debug;
		};
		4DAC385523DA5B8500D8E68E /* Release */ = {
			isa = XCBuildConfiguration;
			buildSettings = {
				ASSETCATALOG_COMPILER_APPICON_NAME = AppIcon;
				CODE_SIGN_STYLE = Automatic;
				DEVELOPMENT_TEAM = M4Q46HX6W5;
				INFOPLIST_FILE = PhotoJournal/Info.plist;
				LD_RUNPATH_SEARCH_PATHS = (
					"$(inherited)",
					"@executable_path/Frameworks",
				);
				PRODUCT_BUNDLE_IDENTIFIER = com.melinda.PhotoJournal;
				PRODUCT_NAME = "$(TARGET_NAME)";
				SWIFT_VERSION = 5.0;
				TARGETED_DEVICE_FAMILY = "1,2";
			};
			name = Release;
		};
/* End XCBuildConfiguration section */

/* Begin XCConfigurationList section */
		4DAC383A23DA5B8300D8E68E /* Build configuration list for PBXProject "PhotoJournal" */ = {
			isa = XCConfigurationList;
			buildConfigurations = (
				4DAC385123DA5B8500D8E68E /* Debug */,
				4DAC385223DA5B8500D8E68E /* Release */,
			);
			defaultConfigurationIsVisible = 0;
			defaultConfigurationName = Release;
		};
		4DAC385323DA5B8500D8E68E /* Build configuration list for PBXNativeTarget "PhotoJournal" */ = {
			isa = XCConfigurationList;
			buildConfigurations = (
				4DAC385423DA5B8500D8E68E /* Debug */,
				4DAC385523DA5B8500D8E68E /* Release */,
			);
			defaultConfigurationIsVisible = 0;
			defaultConfigurationName = Release;
		};
/* End XCConfigurationList section */
	};
	rootObject = 4DAC383723DA5B8300D8E68E /* Project object */;
}
